
Microsoft Visual Studio Solution File, Format Version 12.00
# Visual Studio Version 17
VisualStudioVersion = 17.0.31903.59
MinimumVisualStudioVersion = 10.0.40219.1
Project("{FAE04EC0-301F-11D3-BF4B-00C04F79EFBC}") = "Library", "Library\Library.csproj", "{452E4181-366D-4615-BC95-37CDF1306677}"
EndProject
Project("{FAE04EC0-301F-11D3-BF4B-00C04F79EFBC}") = "Client", "Client\Client.csproj", "{D470B80D-D3FD-4124-9460-E4AFB8BA3878}"
EndProject
Project("{FAE04EC0-301F-11D3-BF4B-00C04F79EFBC}") = "Library.Tests", "Library.Tests\Library.Tests.csproj", "{F9880B7A-D8DF-4FE0-9D41-06EACBCB7748}"
EndProject
Global
	GlobalSection(SolutionConfigurationPlatforms) = preSolution
		Debug|Any CPU = Debug|Any CPU
		Release|Any CPU = Release|Any CPU
	EndGlobalSection
	GlobalSection(SolutionProperties) = preSolution
		HideSolutionNode = FALSE
	EndGlobalSection
	GlobalSection(ProjectConfigurationPlatforms) = postSolution
		{452E4181-366D-4615-BC95-37CDF1306677}.Debug|Any CPU.ActiveCfg = Debug|Any CPU
		{452E4181-366D-4615-BC95-37CDF1306677}.Debug|Any CPU.Build.0 = Debug|Any CPU
		{452E4181-366D-4615-BC95-37CDF1306677}.Release|Any CPU.ActiveCfg = Release|Any CPU
		{452E4181-366D-4615-BC95-37CDF1306677}.Release|Any CPU.Build.0 = Release|Any CPU
		{D470B80D-D3FD-4124-9460-E4AFB8BA3878}.Debug|Any CPU.ActiveCfg = Debug|Any CPU
		{D470B80D-D3FD-4124-9460-E4AFB8BA3878}.Debug|Any CPU.Build.0 = Debug|Any CPU
		{D470B80D-D3FD-4124-9460-E4AFB8BA3878}.Release|Any CPU.ActiveCfg = Release|Any CPU
		{D470B80D-D3FD-4124-9460-E4AFB8BA3878}.Release|Any CPU.Build.0 = Release|Any CPU
		{F9880B7A-D8DF-4FE0-9D41-06EACBCB7748}.Debug|Any CPU.ActiveCfg = Debug|Any CPU
		{F9880B7A-D8DF-4FE0-9D41-06EACBCB7748}.Debug|Any CPU.Build.0 = Debug|Any CPU
		{F9880B7A-D8DF-4FE0-9D41-06EACBCB7748}.Release|Any CPU.ActiveCfg = Release|Any CPU
		{F9880B7A-D8DF-4FE0-9D41-06EACBCB7748}.Release|Any CPU.Build.0 = Release|Any CPU
	EndGlobalSection
EndGlobal
